
Microsoft Visual Studio Solution File, Format Version 12.00
# Visual Studio Version 17
VisualStudioVersion = 17.5.002.0
MinimumVisualStudioVersion = 10.0.40219.1
Project("{9A19103F-16F7-4668-BE54-9A1E7A4F7556}") = "ApresentarPessoa_Lucas", "ApresentarPessoa_Lucas.csproj", "{D994D326-FCF1-46C0-9FB4-8A34CB967B80}"
EndProject
Global
	GlobalSection(SolutionConfigurationPlatforms) = preSolution
		Debug|Any CPU = Debug|Any CPU
		Release|Any CPU = Release|Any CPU
	EndGlobalSection
	GlobalSection(ProjectConfigurationPlatforms) = postSolution
		{D994D326-FCF1-46C0-9FB4-8A34CB967B80}.Debug|Any CPU.ActiveCfg = Debug|Any CPU
		{D994D326-FCF1-46C0-9FB4-8A34CB967B80}.Debug|Any CPU.Build.0 = Debug|Any CPU
		{D994D326-FCF1-46C0-9FB4-8A34CB967B80}.Release|Any CPU.ActiveCfg = Release|Any CPU
		{D994D326-FCF1-46C0-9FB4-8A34CB967B80}.Release|Any CPU.Build.0 = Release|Any CPU
	EndGlobalSection
	GlobalSection(SolutionProperties) = preSolution
		HideSolutionNode = FALSE
	EndGlobalSection
	GlobalSection(ExtensibilityGlobals) = postSolution
		SolutionGuid = {3F02AC4E-34E7-4A39-A34F-F05C78151339}
	EndGlobalSection
EndGlobal
